
Microsoft Visual Studio Solution File, Format Version 12.00
# Visual Studio Version 16
VisualStudioVersion = 16.0.32106.194
MinimumVisualStudioVersion = 10.0.40219.1
Project("{FAE04EC0-301F-11D3-BF4B-00C04F79EFBC}") = "Informator", "Informator\Informator.csproj", "{23B16A53-A43D-43B9-9FE7-874A8AC82BC1}"
EndProject
Global
	GlobalSection(SolutionConfigurationPlatforms) = preSolution
		Debug|Any CPU = Debug|Any CPU
		Release|Any CPU = Release|Any CPU
	EndGlobalSection
	GlobalSection(ProjectConfigurationPlatforms) = postSolution
		{23B16A53-A43D-43B9-9FE7-874A8AC82BC1}.Debug|Any CPU.ActiveCfg = Debug|Any CPU
		{23B16A53-A43D-43B9-9FE7-874A8AC82BC1}.Debug|Any CPU.Build.0 = Debug|Any CPU
		{23B16A53-A43D-43B9-9FE7-874A8AC82BC1}.Release|Any CPU.ActiveCfg = Release|Any CPU
		{23B16A53-A43D-43B9-9FE7-874A8AC82BC1}.Release|Any CPU.Build.0 = Release|Any CPU
	EndGlobalSection
	GlobalSection(SolutionProperties) = preSolution
		HideSolutionNode = FALSE
	EndGlobalSection
	GlobalSection(ExtensibilityGlobals) = postSolution
		SolutionGuid = {9830A51A-DE93-4170-BF35-11854D5B7E83}
	EndGlobalSection
EndGlobal
